
Microsoft Visual Studio Solution File, Format Version 12.00
# Visual Studio Version 16
VisualStudioVersion = 16.0.30011.22
MinimumVisualStudioVersion = 10.0.40219.1
Project("{FAE04EC0-301F-11D3-BF4B-00C04F79EFBC}") = "CommandPattern", "CommandPattern\CommandPattern.csproj", "{9FDCF402-E37D-440B-975F-F781F93BF471}"
EndProject
Global
	GlobalSection(SolutionConfigurationPlatforms) = preSolution
		Debug|Any CPU = Debug|Any CPU
		Release|Any CPU = Release|Any CPU
	EndGlobalSection
	GlobalSection(ProjectConfigurationPlatforms) = postSolution
		{9FDCF402-E37D-440B-975F-F781F93BF471}.Debug|Any CPU.ActiveCfg = Debug|Any CPU
		{9FDCF402-E37D-440B-975F-F781F93BF471}.Debug|Any CPU.Build.0 = Debug|Any CPU
		{9FDCF402-E37D-440B-975F-F781F93BF471}.Release|Any CPU.ActiveCfg = Release|Any CPU
		{9FDCF402-E37D-440B-975F-F781F93BF471}.Release|Any CPU.Build.0 = Release|Any CPU
	EndGlobalSection
	GlobalSection(SolutionProperties) = preSolution
		HideSolutionNode = FALSE
	EndGlobalSection
	GlobalSection(ExtensibilityGlobals) = postSolution
		SolutionGuid = {8641F76D-ABF4-454A-9C15-AA4E312CFC2D}
	EndGlobalSection
EndGlobal
